
Microsoft Visual Studio Solution File, Format Version 12.00
# Visual Studio 14
VisualStudioVersion = 14.0.22823.1
MinimumVisualStudioVersion = 10.0.40219.1
Project("{FAE04EC0-301F-11D3-BF4B-00C04F79EFBC}") = "ServiceFabricPersistence", "ServiceFabricPersistence\ServiceFabricPersistence.csproj", "{4322DB1D-F175-4DC4-8FE8-108943DE5571}"
EndProject
Project("{FAE04EC0-301F-11D3-BF4B-00C04F79EFBC}") = "ServiceFabricPersistence.Interfaces", "ServiceFabricPersistence.Interfaces\ServiceFabricPersistence.Interfaces.csproj", "{86095D1A-1A3D-49D2-A161-47D4FDC5D3BF}"
EndProject
Project("{FAE04EC0-301F-11D3-BF4B-00C04F79EFBC}") = "ServiceFabricPersistence.Client", "ServiceFabricPersistence.Client\ServiceFabricPersistence.Client.csproj", "{371F4E16-0390-4DC8-BDE5-5A21D08E36B5}"
EndProject
Project("{A07B5EB6-E848-4116-A8D0-A826331D98C6}") = "ServiceFabricPersistenceApplication", "ServiceFabricPersistenceApplication\ServiceFabricPersistenceApplication.sfproj", "{839E2ACA-D8BC-4635-BF9A-D27F7723E25C}"
EndProject
Global
	GlobalSection(SolutionConfigurationPlatforms) = preSolution
		Debug|Any CPU = Debug|Any CPU
		Debug|x64 = Debug|x64
		Release|Any CPU = Release|Any CPU
		Release|x64 = Release|x64
	EndGlobalSection
	GlobalSection(ProjectConfigurationPlatforms) = postSolution
		{4322DB1D-F175-4DC4-8FE8-108943DE5571}.Debug|Any CPU.ActiveCfg = Debug|x64
		{4322DB1D-F175-4DC4-8FE8-108943DE5571}.Debug|Any CPU.Build.0 = Debug|x64
		{4322DB1D-F175-4DC4-8FE8-108943DE5571}.Debug|x64.ActiveCfg = Debug|x64
		{4322DB1D-F175-4DC4-8FE8-108943DE5571}.Debug|x64.Build.0 = Debug|x64
		{4322DB1D-F175-4DC4-8FE8-108943DE5571}.Release|Any CPU.ActiveCfg = Release|x64
		{4322DB1D-F175-4DC4-8FE8-108943DE5571}.Release|x64.ActiveCfg = Release|x64
		{4322DB1D-F175-4DC4-8FE8-108943DE5571}.Release|x64.Build.0 = Release|x64
		{86095D1A-1A3D-49D2-A161-47D4FDC5D3BF}.Debug|Any CPU.ActiveCfg = Debug|x64
		{86095D1A-1A3D-49D2-A161-47D4FDC5D3BF}.Debug|Any CPU.Build.0 = Debug|x64
		{86095D1A-1A3D-49D2-A161-47D4FDC5D3BF}.Debug|x64.ActiveCfg = Debug|x64
		{86095D1A-1A3D-49D2-A161-47D4FDC5D3BF}.Debug|x64.Build.0 = Debug|x64
		{86095D1A-1A3D-49D2-A161-47D4FDC5D3BF}.Release|Any CPU.ActiveCfg = Release|x64
		{86095D1A-1A3D-49D2-A161-47D4FDC5D3BF}.Release|x64.ActiveCfg = Release|x64
		{86095D1A-1A3D-49D2-A161-47D4FDC5D3BF}.Release|x64.Build.0 = Release|x64
		{371F4E16-0390-4DC8-BDE5-5A21D08E36B5}.Debug|Any CPU.ActiveCfg = Debug|x64
		{371F4E16-0390-4DC8-BDE5-5A21D08E36B5}.Debug|Any CPU.Build.0 = Debug|x64
		{371F4E16-0390-4DC8-BDE5-5A21D08E36B5}.Debug|x64.ActiveCfg = Debug|x64
		{371F4E16-0390-4DC8-BDE5-5A21D08E36B5}.Debug|x64.Build.0 = Debug|x64
		{371F4E16-0390-4DC8-BDE5-5A21D08E36B5}.Release|Any CPU.ActiveCfg = Release|x64
		{371F4E16-0390-4DC8-BDE5-5A21D08E36B5}.Release|x64.ActiveCfg = Release|x64
		{371F4E16-0390-4DC8-BDE5-5A21D08E36B5}.Release|x64.Build.0 = Release|x64
		{839E2ACA-D8BC-4635-BF9A-D27F7723E25C}.Debug|Any CPU.ActiveCfg = Debug|x64
		{839E2ACA-D8BC-4635-BF9A-D27F7723E25C}.Debug|Any CPU.Build.0 = Debug|x64
		{839E2ACA-D8BC-4635-BF9A-D27F7723E25C}.Debug|x64.ActiveCfg = Debug|x64
		{839E2ACA-D8BC-4635-BF9A-D27F7723E25C}.Debug|x64.Build.0 = Debug|x64
		{839E2ACA-D8BC-4635-BF9A-D27F7723E25C}.Debug|x64.Deploy.0 = Debug|x64
		{839E2ACA-D8BC-4635-BF9A-D27F7723E25C}.Release|Any CPU.ActiveCfg = Release|x64
		{839E2ACA-D8BC-4635-BF9A-D27F7723E25C}.Release|x64.ActiveCfg = Release|x64
		{839E2ACA-D8BC-4635-BF9A-D27F7723E25C}.Release|x64.Build.0 = Release|x64
		{839E2ACA-D8BC-4635-BF9A-D27F7723E25C}.Release|x64.Deploy.0 = Release|x64
	EndGlobalSection
	GlobalSection(SolutionProperties) = preSolution
		HideSolutionNode = FALSE
	EndGlobalSection
EndGlobal
